// !$*UTF8*$!
{
	archiveVersion = 1;
	classes = {
	};
	objectVersion = 77;
	objects = {

/* Begin PBXBuildFile section */
		0C679B94FD7402456A78E8F5 /* OnboardingView.swift in Sources */ = {isa = PBXBuildFile; fileRef = 5B75AC409AE3C9BA83581CEE /* OnboardingView.swift */; };
		1F94EF02C641801A90EC0D35 /* PreferencesView.swift in Sources */ = {isa = PBXBuildFile; fileRef = A12C97ADB87DD38629B37429 /* PreferencesView.swift */; };
		21C5A036B5B0348E3AF8B71B /* PopoverRootView.swift in Sources */ = {isa = PBXBuildFile; fileRef = DAD361891CBFD8EC7D9217D1 /* PopoverRootView.swift */; };
		2C36B92ACD493D01DB3BBF02 /* CaptureEngine.swift in Sources */ = {isa = PBXBuildFile; fileRef = 04ABF06C86D6AE92C0CBC4D8 /* CaptureEngine.swift */; };
		3210C01E0F71886B6034F2D3 /* UpdateService.swift in Sources */ = {isa = PBXBuildFile; fileRef = B16CE6C4637DAC03D64B03F2 /* UpdateService.swift */; };
		344652B52AD6DB7EDA5FAB83 /* StreamCaptureBridge.swift in Sources */ = {isa = PBXBuildFile; fileRef = B81FC0B1570C3A7DABAC5B54 /* StreamCaptureBridge.swift */; };
		4430E4C2DB797C284DB455F9 /* KeychainService.swift in Sources */ = {isa = PBXBuildFile; fileRef = 18DF3404403957C6127C6AF8 /* KeychainService.swift */; };
		4539669645DCDF2E19823B81 /* LaunchAtLoginService.swift in Sources */ = {isa = PBXBuildFile; fileRef = 7AAB224C8E73B97CA40860A0 /* LaunchAtLoginService.swift */; };
		4E48A23B3DA3CEDD968B6045 /* APIModels.swift in Sources */ = {isa = PBXBuildFile; fileRef = 9E7D871039556E73670AEAE0 /* APIModels.swift */; };
		538A11BEDE77FF87F4273BF4 /* UploadService.swift in Sources */ = {isa = PBXBuildFile; fileRef = 11286FFD4E91BED24067A03F /* UploadService.swift */; };
		5C873EE6760DF44690424A4F /* OverlayCoordinator.swift in Sources */ = {isa = PBXBuildFile; fileRef = 169AE4303DE7180CDD3A95F6 /* OverlayCoordinator.swift */; };
		6001B8C0C77B96A32960FA86 /* HistoryStore.swift in Sources */ = {isa = PBXBuildFile; fileRef = 54D0B338FCE68B3FFEFFCBFB /* HistoryStore.swift */; };
		6557F019E5684905950BAF6B /* CrossMonitorStitcher.swift in Sources */ = {isa = PBXBuildFile; fileRef = C6946776B2A0FD372528A677 /* CrossMonitorStitcher.swift */; };
		6585FEDDAB400D50E827243F /* ThumbnailService.swift in Sources */ = {isa = PBXBuildFile; fileRef = 4EFF43B32AEDA5B2AAA021FB /* ThumbnailService.swift */; };
		713092BC2FCBBCFCF8E03D6E /* KeyboardShortcuts in Frameworks */ = {isa = PBXBuildFile; productRef = BE20488E9D885F9E6A993924 /* KeyboardShortcuts */; };
		7257EDEB5F03CFA1E6594913 /* HistoryRowView.swift in Sources */ = {isa = PBXBuildFile; fileRef = 5DDA4550CC0BA799E09CB978 /* HistoryRowView.swift */; };
		8AAEA88A2870707E3E050D31 /* CaptureFeedback.swift in Sources */ = {isa = PBXBuildFile; fileRef = 4455AC96905B120220E2DE7A /* CaptureFeedback.swift */; };
		8C64C92FE4C5313EABD79442 /* SelectionOverlayView.swift in Sources */ = {isa = PBXBuildFile; fileRef = E513EEE6F5A576C862945AF1 /* SelectionOverlayView.swift */; };
		8CF12B5954399FB5E4BAA1DD /* HistoryEntry.swift in Sources */ = {isa = PBXBuildFile; fileRef = 4E1A2F03DCF529D0FA5AFD6C /* HistoryEntry.swift */; };
		94AD34961158A908E95A724F /* APIValidationService.swift in Sources */ = {isa = PBXBuildFile; fileRef = 2F57EB412468C0BDB94A7D80 /* APIValidationService.swift */; };
		95DE43BC330676B09EFDC5EE /* OnboardingWindowController.swift in Sources */ = {isa = PBXBuildFile; fileRef = 814583DD4F976A375EE3DBC4 /* OnboardingWindowController.swift */; };
		989FD6F154D9DE3112CFD575 /* APIService.swift in Sources */ = {isa = PBXBuildFile; fileRef = 8BDCACD477F380473237D353 /* APIService.swift */; };
		AC145F60D0E6BEF8EA4DB645 /* PopoverFooterView.swift in Sources */ = {isa = PBXBuildFile; fileRef = A97256E7981DEDBD082B4D40 /* PopoverFooterView.swift */; };
		AC8737301B1E097457FB19BB /* teil_ing_clientApp.swift in Sources */ = {isa = PBXBuildFile; fileRef = 79FE129C6A4205DC4ED337DE /* teil_ing_clientApp.swift */; };
		ACF036FBBB9800FFD64F9E89 /* HistorySection.swift in Sources */ = {isa = PBXBuildFile; fileRef = D04D9491FC028C6675EE0198 /* HistorySection.swift */; };
		B4A503F13E90A57790AC3F41 /* WindowSelectionOverlayView.swift in Sources */ = {isa = PBXBuildFile; fileRef = CF80C8EE166F12938BAECE74 /* WindowSelectionOverlayView.swift */; };
		B97F7735F3BE56A331860E04 /* Assets.xcassets in Resources */ = {isa = PBXBuildFile; fileRef = CB8DB0131D5892BBD148D423 /* Assets.xcassets */; };
		B9A119836BAB318906331300 /* QuotaBarView.swift in Sources */ = {isa = PBXBuildFile; fileRef = 8410FC03580E757791531BC0 /* QuotaBarView.swift */; };
		BD3327977BFAF09A65DF6080 /* WindowSelectionCoordinator.swift in Sources */ = {isa = PBXBuildFile; fileRef = 1F1BDA6C75FB9D6458F05C02 /* WindowSelectionCoordinator.swift */; };
		C065ADB4C13D90B8B0FEC693 /* UploadResponse.swift in Sources */ = {isa = PBXBuildFile; fileRef = 75ACC5A437F11482181CFFBF /* UploadResponse.swift */; };
		C84A325D1BF1E0351FA76927 /* ErrorPathTests.swift in Sources */ = {isa = PBXBuildFile; fileRef = 6A36000FFE90B65A17C61F6D /* ErrorPathTests.swift */; };
		CABCDA558A792C8CB7826BE2 /* PreferencesStore.swift in Sources */ = {isa = PBXBuildFile; fileRef = F332AA95EDADAACBE2013279 /* PreferencesStore.swift */; };
		CC096D043FDE10F76B00D80A /* HotkeyMonitor.swift in Sources */ = {isa = PBXBuildFile; fileRef = 5576D5A3E4BF4D32E477CB95 /* HotkeyMonitor.swift */; };
		CD7571658B028D36436443B9 /* AppDelegate.swift in Sources */ = {isa = PBXBuildFile; fileRef = B30B02122931ACB9EF7603C7 /* AppDelegate.swift */; };
		D99F4B871A0EC1530359C44D /* CaptureSection.swift in Sources */ = {isa = PBXBuildFile; fileRef = 28A7E4F5870AEC3F97ED8639 /* CaptureSection.swift */; };
		DC5A39D572A9C3F2A0A5CF2C /* ScreenshotCapture.swift in Sources */ = {isa = PBXBuildFile; fileRef = CE6D7FE277E3A1F19C33FD18 /* ScreenshotCapture.swift */; };
		E66699EFB88948BCC925A54A /* ImageDetailSheet.swift in Sources */ = {isa = PBXBuildFile; fileRef = 211BB43987B46242D3F280CA /* ImageDetailSheet.swift */; };
		EC33EB84069EC184BBAA5168 /* CaptureResult.swift in Sources */ = {isa = PBXBuildFile; fileRef = E401D2612FBAAB3278E3E38A /* CaptureResult.swift */; };
		EFAE9486DCB9C506D2B04582 /* OnboardingViewModel.swift in Sources */ = {isa = PBXBuildFile; fileRef = AE4A8699592B3ECA0209739D /* OnboardingViewModel.swift */; };
		F2AAB53279FDDB1C49CA8D3E /* PermissionService.swift in Sources */ = {isa = PBXBuildFile; fileRef = 2636850C839B31C96E837D77 /* PermissionService.swift */; };
/* End PBXBuildFile section */

/* Begin PBXContainerItemProxy section */
		20B1BA3DBCFF8E28AEFBE433 /* PBXContainerItemProxy */ = {
			isa = PBXContainerItemProxy;
			containerPortal = 7CBE121952EA345BCE749AFC /* Project object */;
			proxyType = 1;
			remoteGlobalIDString = 0D6AD409C8B89ECBEAFC89F0;
			remoteInfo = "teil.ing-client";
		};
/* End PBXContainerItemProxy section */

/* Begin PBXFileReference section */
		04ABF06C86D6AE92C0CBC4D8 /* CaptureEngine.swift */ = {isa = PBXFileReference; lastKnownFileType = sourcecode.swift; path = CaptureEngine.swift; sourceTree = "<group>"; };
		11286FFD4E91BED24067A03F /* UploadService.swift */ = {isa = PBXFileReference; lastKnownFileType = sourcecode.swift; path = UploadService.swift; sourceTree = "<group>"; };
		169AE4303DE7180CDD3A95F6 /* OverlayCoordinator.swift */ = {isa = PBXFileReference; lastKnownFileType = sourcecode.swift; path = OverlayCoordinator.swift; sourceTree = "<group>"; };
		18DF3404403957C6127C6AF8 /* KeychainService.swift */ = {isa = PBXFileReference; lastKnownFileType = sourcecode.swift; path = KeychainService.swift; sourceTree = "<group>"; };
		1F1BDA6C75FB9D6458F05C02 /* WindowSelectionCoordinator.swift */ = {isa = PBXFileReference; lastKnownFileType = sourcecode.swift; path = WindowSelectionCoordinator.swift; sourceTree = "<group>"; };
		211BB43987B46242D3F280CA /* ImageDetailSheet.swift */ = {isa = PBXFileReference; lastKnownFileType = sourcecode.swift; path = ImageDetailSheet.swift; sourceTree = "<group>"; };
		2636850C839B31C96E837D77 /* PermissionService.swift */ = {isa = PBXFileReference; lastKnownFileType = sourcecode.swift; path = PermissionService.swift; sourceTree = "<group>"; };
		28A7E4F5870AEC3F97ED8639 /* CaptureSection.swift */ = {isa = PBXFileReference; lastKnownFileType = sourcecode.swift; path = CaptureSection.swift; sourceTree = "<group>"; };
		2F57EB412468C0BDB94A7D80 /* APIValidationService.swift */ = {isa = PBXFileReference; lastKnownFileType = sourcecode.swift; path = APIValidationService.swift; sourceTree = "<group>"; };
		3BBDAFF04427F374A33EB8C0 /* .gitkeep */ = {isa = PBXFileReference; path = .gitkeep; sourceTree = "<group>"; };
		4455AC96905B120220E2DE7A /* CaptureFeedback.swift */ = {isa = PBXFileReference; lastKnownFileType = sourcecode.swift; path = CaptureFeedback.swift; sourceTree = "<group>"; };
		4E1A2F03DCF529D0FA5AFD6C /* HistoryEntry.swift */ = {isa = PBXFileReference; lastKnownFileType = sourcecode.swift; path = HistoryEntry.swift; sourceTree = "<group>"; };
		4EFF43B32AEDA5B2AAA021FB /* ThumbnailService.swift */ = {isa = PBXFileReference; lastKnownFileType = sourcecode.swift; path = ThumbnailService.swift; sourceTree = "<group>"; };
		52A8B355EB8ACE6F7AB81DA5 /* teil_ing_client.entitlements */ = {isa = PBXFileReference; lastKnownFileType = text.plist.entitlements; path = teil_ing_client.entitlements; sourceTree = "<group>"; };
		54D0B338FCE68B3FFEFFCBFB /* HistoryStore.swift */ = {isa = PBXFileReference; lastKnownFileType = sourcecode.swift; path = HistoryStore.swift; sourceTree = "<group>"; };
		5576D5A3E4BF4D32E477CB95 /* HotkeyMonitor.swift */ = {isa = PBXFileReference; lastKnownFileType = sourcecode.swift; path = HotkeyMonitor.swift; sourceTree = "<group>"; };
		5B75AC409AE3C9BA83581CEE /* OnboardingView.swift */ = {isa = PBXFileReference; lastKnownFileType = sourcecode.swift; path = OnboardingView.swift; sourceTree = "<group>"; };
		5DDA4550CC0BA799E09CB978 /* HistoryRowView.swift */ = {isa = PBXFileReference; lastKnownFileType = sourcecode.swift; path = HistoryRowView.swift; sourceTree = "<group>"; };
		6A36000FFE90B65A17C61F6D /* ErrorPathTests.swift */ = {isa = PBXFileReference; lastKnownFileType = sourcecode.swift; path = ErrorPathTests.swift; sourceTree = "<group>"; };
		75ACC5A437F11482181CFFBF /* UploadResponse.swift */ = {isa = PBXFileReference; lastKnownFileType = sourcecode.swift; path = UploadResponse.swift; sourceTree = "<group>"; };
		7692C7AE7E8C96C3F604576E /* teil.ing-clientTests.xctest */ = {isa = PBXFileReference; explicitFileType = wrapper.cfbundle; includeInIndex = 0; path = "teil.ing-clientTests.xctest"; sourceTree = BUILT_PRODUCTS_DIR; };
		79FE129C6A4205DC4ED337DE /* teil_ing_clientApp.swift */ = {isa = PBXFileReference; lastKnownFileType = sourcecode.swift; path = teil_ing_clientApp.swift; sourceTree = "<group>"; };
		7AAB224C8E73B97CA40860A0 /* LaunchAtLoginService.swift */ = {isa = PBXFileReference; lastKnownFileType = sourcecode.swift; path = LaunchAtLoginService.swift; sourceTree = "<group>"; };
		814583DD4F976A375EE3DBC4 /* OnboardingWindowController.swift */ = {isa = PBXFileReference; lastKnownFileType = sourcecode.swift; path = OnboardingWindowController.swift; sourceTree = "<group>"; };
		8410FC03580E757791531BC0 /* QuotaBarView.swift */ = {isa = PBXFileReference; lastKnownFileType = sourcecode.swift; path = QuotaBarView.swift; sourceTree = "<group>"; };
		8BDCACD477F380473237D353 /* APIService.swift */ = {isa = PBXFileReference; lastKnownFileType = sourcecode.swift; path = APIService.swift; sourceTree = "<group>"; };
		9E7D871039556E73670AEAE0 /* APIModels.swift */ = {isa = PBXFileReference; lastKnownFileType = sourcecode.swift; path = APIModels.swift; sourceTree = "<group>"; };
		A12C97ADB87DD38629B37429 /* PreferencesView.swift */ = {isa = PBXFileReference; lastKnownFileType = sourcecode.swift; path = PreferencesView.swift; sourceTree = "<group>"; };
		A97256E7981DEDBD082B4D40 /* PopoverFooterView.swift */ = {isa = PBXFileReference; lastKnownFileType = sourcecode.swift; path = PopoverFooterView.swift; sourceTree = "<group>"; };
		AE4A8699592B3ECA0209739D /* OnboardingViewModel.swift */ = {isa = PBXFileReference; lastKnownFileType = sourcecode.swift; path = OnboardingViewModel.swift; sourceTree = "<group>"; };
		B16CE6C4637DAC03D64B03F2 /* UpdateService.swift */ = {isa = PBXFileReference; lastKnownFileType = sourcecode.swift; path = UpdateService.swift; sourceTree = "<group>"; };
		B30B02122931ACB9EF7603C7 /* AppDelegate.swift */ = {isa = PBXFileReference; lastKnownFileType = sourcecode.swift; path = AppDelegate.swift; sourceTree = "<group>"; };
		B81FC0B1570C3A7DABAC5B54 /* StreamCaptureBridge.swift */ = {isa = PBXFileReference; lastKnownFileType = sourcecode.swift; path = StreamCaptureBridge.swift; sourceTree = "<group>"; };
		C6946776B2A0FD372528A677 /* CrossMonitorStitcher.swift */ = {isa = PBXFileReference; lastKnownFileType = sourcecode.swift; path = CrossMonitorStitcher.swift; sourceTree = "<group>"; };
		CB8DB0131D5892BBD148D423 /* Assets.xcassets */ = {isa = PBXFileReference; lastKnownFileType = folder.assetcatalog; path = Assets.xcassets; sourceTree = "<group>"; };
		CE6D7FE277E3A1F19C33FD18 /* ScreenshotCapture.swift */ = {isa = PBXFileReference; lastKnownFileType = sourcecode.swift; path = ScreenshotCapture.swift; sourceTree = "<group>"; };
		CF80C8EE166F12938BAECE74 /* WindowSelectionOverlayView.swift */ = {isa = PBXFileReference; lastKnownFileType = sourcecode.swift; path = WindowSelectionOverlayView.swift; sourceTree = "<group>"; };
		D04D9491FC028C6675EE0198 /* HistorySection.swift */ = {isa = PBXFileReference; lastKnownFileType = sourcecode.swift; path = HistorySection.swift; sourceTree = "<group>"; };
		D57FD8412C278D2F498DA447 /* teil.ing-client.app */ = {isa = PBXFileReference; explicitFileType = wrapper.application; includeInIndex = 0; path = "teil.ing-client.app"; sourceTree = BUILT_PRODUCTS_DIR; };
		DAD361891CBFD8EC7D9217D1 /* PopoverRootView.swift */ = {isa = PBXFileReference; lastKnownFileType = sourcecode.swift; path = PopoverRootView.swift; sourceTree = "<group>"; };
		E401D2612FBAAB3278E3E38A /* CaptureResult.swift */ = {isa = PBXFileReference; lastKnownFileType = sourcecode.swift; path = CaptureResult.swift; sourceTree = "<group>"; };
		E513EEE6F5A576C862945AF1 /* SelectionOverlayView.swift */ = {isa = PBXFileReference; lastKnownFileType = sourcecode.swift; path = SelectionOverlayView.swift; sourceTree = "<group>"; };
		F332AA95EDADAACBE2013279 /* PreferencesStore.swift */ = {isa = PBXFileReference; lastKnownFileType = sourcecode.swift; path = PreferencesStore.swift; sourceTree = "<group>"; };
/* End PBXFileReference section */

/* Begin PBXFrameworksBuildPhase section */
		5DFF3EB6F0C224749E54D0DD /* Frameworks */ = {
			isa = PBXFrameworksBuildPhase;
			buildActionMask = 2147483647;
			files = (
				713092BC2FCBBCFCF8E03D6E /* KeyboardShortcuts in Frameworks */,
			);
			runOnlyForDeploymentPostprocessing = 0;
		};
/* End PBXFrameworksBuildPhase section */

/* Begin PBXGroup section */
		1B587DB6B9424E3E370240A9 /* Preferences */ = {
			isa = PBXGroup;
			children = (
				A12C97ADB87DD38629B37429 /* PreferencesView.swift */,
			);
			path = Preferences;
			sourceTree = "<group>";
		};
		1E562F7BB12D2C9ADA57121E /* Products */ = {
			isa = PBXGroup;
			children = (
				D57FD8412C278D2F498DA447 /* teil.ing-client.app */,
				7692C7AE7E8C96C3F604576E /* teil.ing-clientTests.xctest */,
			);
			name = Products;
			sourceTree = "<group>";
		};
		1F953F40E21E6D1045260827 /* Views */ = {
			isa = PBXGroup;
			children = (
				28A7E4F5870AEC3F97ED8639 /* CaptureSection.swift */,
				5DDA4550CC0BA799E09CB978 /* HistoryRowView.swift */,
				D04D9491FC028C6675EE0198 /* HistorySection.swift */,
				211BB43987B46242D3F280CA /* ImageDetailSheet.swift */,
				A97256E7981DEDBD082B4D40 /* PopoverFooterView.swift */,
				DAD361891CBFD8EC7D9217D1 /* PopoverRootView.swift */,
				8410FC03580E757791531BC0 /* QuotaBarView.swift */,
				E513EEE6F5A576C862945AF1 /* SelectionOverlayView.swift */,
				CF80C8EE166F12938BAECE74 /* WindowSelectionOverlayView.swift */,
			);
			path = Views;
			sourceTree = "<group>";
		};
		2B9A8BA272BC772E1576A1CE /* Tests */ = {
			isa = PBXGroup;
			children = (
				6A36000FFE90B65A17C61F6D /* ErrorPathTests.swift */,
			);
			path = Tests;
			sourceTree = "<group>";
		};
		2C0100339082E3D16C119290 /* teil.ing-client */ = {
			isa = PBXGroup;
			children = (
				E9C859AC18AF3F3471D656B9 /* App */,
				98A436E9AFF90F5721A61AC6 /* Models */,
				A33702A6CA3A4FCE9C0AECE8 /* Onboarding */,
				1B587DB6B9424E3E370240A9 /* Preferences */,
				7EDC61CDF09832DA1ED2C5D7 /* Resources */,
				B79AA908498BB41070F69537 /* Services */,
				1F953F40E21E6D1045260827 /* Views */,
			);
			path = "teil.ing-client";
			sourceTree = "<group>";
		};
		7EDC61CDF09832DA1ED2C5D7 /* Resources */ = {
			isa = PBXGroup;
			children = (
				CB8DB0131D5892BBD148D423 /* Assets.xcassets */,
			);
			path = Resources;
			sourceTree = "<group>";
		};
		98A436E9AFF90F5721A61AC6 /* Models */ = {
			isa = PBXGroup;
			children = (
				9E7D871039556E73670AEAE0 /* APIModels.swift */,
				E401D2612FBAAB3278E3E38A /* CaptureResult.swift */,
				4E1A2F03DCF529D0FA5AFD6C /* HistoryEntry.swift */,
				75ACC5A437F11482181CFFBF /* UploadResponse.swift */,
			);
			path = Models;
			sourceTree = "<group>";
		};
		A33702A6CA3A4FCE9C0AECE8 /* Onboarding */ = {
			isa = PBXGroup;
			children = (
				3BBDAFF04427F374A33EB8C0 /* .gitkeep */,
				5B75AC409AE3C9BA83581CEE /* OnboardingView.swift */,
				AE4A8699592B3ECA0209739D /* OnboardingViewModel.swift */,
				814583DD4F976A375EE3DBC4 /* OnboardingWindowController.swift */,
			);
			path = Onboarding;
			sourceTree = "<group>";
		};
		B3D92ADDA415B32BB3BC6974 = {
			isa = PBXGroup;
			children = (
				2C0100339082E3D16C119290 /* teil.ing-client */,
				2B9A8BA272BC772E1576A1CE /* Tests */,
				1E562F7BB12D2C9ADA57121E /* Products */,
			);
			sourceTree = "<group>";
		};
		B79AA908498BB41070F69537 /* Services */ = {
			isa = PBXGroup;
			children = (
				8BDCACD477F380473237D353 /* APIService.swift */,
				2F57EB412468C0BDB94A7D80 /* APIValidationService.swift */,
				04ABF06C86D6AE92C0CBC4D8 /* CaptureEngine.swift */,
				4455AC96905B120220E2DE7A /* CaptureFeedback.swift */,
				C6946776B2A0FD372528A677 /* CrossMonitorStitcher.swift */,
				54D0B338FCE68B3FFEFFCBFB /* HistoryStore.swift */,
				5576D5A3E4BF4D32E477CB95 /* HotkeyMonitor.swift */,
				18DF3404403957C6127C6AF8 /* KeychainService.swift */,
				7AAB224C8E73B97CA40860A0 /* LaunchAtLoginService.swift */,
				169AE4303DE7180CDD3A95F6 /* OverlayCoordinator.swift */,
				2636850C839B31C96E837D77 /* PermissionService.swift */,
				F332AA95EDADAACBE2013279 /* PreferencesStore.swift */,
				CE6D7FE277E3A1F19C33FD18 /* ScreenshotCapture.swift */,
				B81FC0B1570C3A7DABAC5B54 /* StreamCaptureBridge.swift */,
				4EFF43B32AEDA5B2AAA021FB /* ThumbnailService.swift */,
				B16CE6C4637DAC03D64B03F2 /* UpdateService.swift */,
				11286FFD4E91BED24067A03F /* UploadService.swift */,
				1F1BDA6C75FB9D6458F05C02 /* WindowSelectionCoordinator.swift */,
			);
			path = Services;
			sourceTree = "<group>";
		};
		E9C859AC18AF3F3471D656B9 /* App */ = {
			isa = PBXGroup;
			children = (
				B30B02122931ACB9EF7603C7 /* AppDelegate.swift */,
				52A8B355EB8ACE6F7AB81DA5 /* teil_ing_client.entitlements */,
				79FE129C6A4205DC4ED337DE /* teil_ing_clientApp.swift */,
			);
			path = App;
			sourceTree = "<group>";
		};
/* End PBXGroup section */

/* Begin PBXNativeTarget section */
		0D6AD409C8B89ECBEAFC89F0 /* teil.ing-client */ = {
			isa = PBXNativeTarget;
			buildConfigurationList = 995F24D395DBAA8D6F1FF061 /* Build configuration list for PBXNativeTarget "teil.ing-client" */;
			buildPhases = (
				E5D4FE38579D47A93D9E4C59 /* Sources */,
				BFD0D28743387E501F48CB54 /* Resources */,
				5DFF3EB6F0C224749E54D0DD /* Frameworks */,
			);
			buildRules = (
			);
			dependencies = (
			);
			name = "teil.ing-client";
			packageProductDependencies = (
				BE20488E9D885F9E6A993924 /* KeyboardShortcuts */,
			);
			productName = "teil.ing-client";
			productReference = D57FD8412C278D2F498DA447 /* teil.ing-client.app */;
			productType = "com.apple.product-type.application";
		};
		604EA338A86D16CAB83CD137 /* teil.ing-clientTests */ = {
			isa = PBXNativeTarget;
			buildConfigurationList = 41C42277DC91FF2441730E21 /* Build configuration list for PBXNativeTarget "teil.ing-clientTests" */;
			buildPhases = (
				5D40BF9F91179650F490BBE6 /* Sources */,
			);
			buildRules = (
			);
			dependencies = (
				807C6C85CF6726B742A3B184 /* PBXTargetDependency */,
			);
			name = "teil.ing-clientTests";
			packageProductDependencies = (
			);
			productName = "teil.ing-clientTests";
			productReference = 7692C7AE7E8C96C3F604576E /* teil.ing-clientTests.xctest */;
			productType = "com.apple.product-type.bundle.unit-test";
		};
/* End PBXNativeTarget section */

/* Begin PBXProject section */
		7CBE121952EA345BCE749AFC /* Project object */ = {
			isa = PBXProject;
			attributes = {
				BuildIndependentTargetsInParallel = YES;
				LastUpgradeCheck = 1600;
				TargetAttributes = {
					0D6AD409C8B89ECBEAFC89F0 = {
						DevelopmentTeam = 5A7M476YY2;
						ProvisioningStyle = Automatic;
					};
					604EA338A86D16CAB83CD137 = {
						DevelopmentTeam = 5A7M476YY2;
						ProvisioningStyle = Automatic;
					};
				};
			};
			buildConfigurationList = BFF7345980E484856CCAEA4C /* Build configuration list for PBXProject "teil.ing-client" */;
			compatibilityVersion = "Xcode 14.0";
			developmentRegion = en;
			hasScannedForEncodings = 0;
			knownRegions = (
				Base,
				en,
			);
			mainGroup = B3D92ADDA415B32BB3BC6974;
			minimizedProjectReferenceProxies = 1;
			packageReferences = (
				26CD9EDAA21FBE1CCAD3C774 /* XCRemoteSwiftPackageReference "KeyboardShortcuts" */,
			);
			preferredProjectObjectVersion = 77;
			projectDirPath = "";
			projectRoot = "";
			targets = (
				0D6AD409C8B89ECBEAFC89F0 /* teil.ing-client */,
				604EA338A86D16CAB83CD137 /* teil.ing-clientTests */,
			);
		};
/* End PBXProject section */

/* Begin PBXResourcesBuildPhase section */
		BFD0D28743387E501F48CB54 /* Resources */ = {
			isa = PBXResourcesBuildPhase;
			buildActionMask = 2147483647;
			files = (
				B97F7735F3BE56A331860E04 /* Assets.xcassets in Resources */,
			);
			runOnlyForDeploymentPostprocessing = 0;
		};
/* End PBXResourcesBuildPhase section */

/* Begin PBXSourcesBuildPhase section */
		5D40BF9F91179650F490BBE6 /* Sources */ = {
			isa = PBXSourcesBuildPhase;
			buildActionMask = 2147483647;
			files = (
				C84A325D1BF1E0351FA76927 /* ErrorPathTests.swift in Sources */,
			);
			runOnlyForDeploymentPostprocessing = 0;
		};
		E5D4FE38579D47A93D9E4C59 /* Sources */ = {
			isa = PBXSourcesBuildPhase;
			buildActionMask = 2147483647;
			files = (
				4E48A23B3DA3CEDD968B6045 /* APIModels.swift in Sources */,
				989FD6F154D9DE3112CFD575 /* APIService.swift in Sources */,
				94AD34961158A908E95A724F /* APIValidationService.swift in Sources */,
				CD7571658B028D36436443B9 /* AppDelegate.swift in Sources */,
				2C36B92ACD493D01DB3BBF02 /* CaptureEngine.swift in Sources */,
				8AAEA88A2870707E3E050D31 /* CaptureFeedback.swift in Sources */,
				EC33EB84069EC184BBAA5168 /* CaptureResult.swift in Sources */,
				D99F4B871A0EC1530359C44D /* CaptureSection.swift in Sources */,
				6557F019E5684905950BAF6B /* CrossMonitorStitcher.swift in Sources */,
				8CF12B5954399FB5E4BAA1DD /* HistoryEntry.swift in Sources */,
				7257EDEB5F03CFA1E6594913 /* HistoryRowView.swift in Sources */,
				ACF036FBBB9800FFD64F9E89 /* HistorySection.swift in Sources */,
				6001B8C0C77B96A32960FA86 /* HistoryStore.swift in Sources */,
				CC096D043FDE10F76B00D80A /* HotkeyMonitor.swift in Sources */,
				E66699EFB88948BCC925A54A /* ImageDetailSheet.swift in Sources */,
				4430E4C2DB797C284DB455F9 /* KeychainService.swift in Sources */,
				4539669645DCDF2E19823B81 /* LaunchAtLoginService.swift in Sources */,
				0C679B94FD7402456A78E8F5 /* OnboardingView.swift in Sources */,
				EFAE9486DCB9C506D2B04582 /* OnboardingViewModel.swift in Sources */,
				95DE43BC330676B09EFDC5EE /* OnboardingWindowController.swift in Sources */,
				5C873EE6760DF44690424A4F /* OverlayCoordinator.swift in Sources */,
				F2AAB53279FDDB1C49CA8D3E /* PermissionService.swift in Sources */,
				AC145F60D0E6BEF8EA4DB645 /* PopoverFooterView.swift in Sources */,
				21C5A036B5B0348E3AF8B71B /* PopoverRootView.swift in Sources */,
				CABCDA558A792C8CB7826BE2 /* PreferencesStore.swift in Sources */,
				1F94EF02C641801A90EC0D35 /* PreferencesView.swift in Sources */,
				B9A119836BAB318906331300 /* QuotaBarView.swift in Sources */,
				DC5A39D572A9C3F2A0A5CF2C /* ScreenshotCapture.swift in Sources */,
				8C64C92FE4C5313EABD79442 /* SelectionOverlayView.swift in Sources */,
				344652B52AD6DB7EDA5FAB83 /* StreamCaptureBridge.swift in Sources */,
				6585FEDDAB400D50E827243F /* ThumbnailService.swift in Sources */,
				3210C01E0F71886B6034F2D3 /* UpdateService.swift in Sources */,
				C065ADB4C13D90B8B0FEC693 /* UploadResponse.swift in Sources */,
				538A11BEDE77FF87F4273BF4 /* UploadService.swift in Sources */,
				BD3327977BFAF09A65DF6080 /* WindowSelectionCoordinator.swift in Sources */,
				B4A503F13E90A57790AC3F41 /* WindowSelectionOverlayView.swift in Sources */,
				AC8737301B1E097457FB19BB /* teil_ing_clientApp.swift in Sources */,
			);
			runOnlyForDeploymentPostprocessing = 0;
		};
/* End PBXSourcesBuildPhase section */

/* Begin PBXTargetDependency section */
		807C6C85CF6726B742A3B184 /* PBXTargetDependency */ = {
			isa = PBXTargetDependency;
			target = 0D6AD409C8B89ECBEAFC89F0 /* teil.ing-client */;
			targetProxy = 20B1BA3DBCFF8E28AEFBE433 /* PBXContainerItemProxy */;
		};
/* End PBXTargetDependency section */

/* Begin XCBuildConfiguration section */
		01535F320629FDC9333EB685 /* Release */ = {
			isa = XCBuildConfiguration;
			buildSettings = {
				ASSETCATALOG_COMPILER_APPICON_NAME = AppIcon;
				CODE_SIGN_ENTITLEMENTS = "teil.ing-client/App/teil_ing_client.entitlements";
				CODE_SIGN_STYLE = Automatic;
				COMBINE_HIDPI_IMAGES = YES;
				DEVELOPMENT_TEAM = 5A7M476YY2;
				ENABLE_APP_SANDBOX = NO;
				ENABLE_HARDENED_RUNTIME = YES;
				INFOPLIST_FILE = "teil.ing-client/Info.plist";
				LD_RUNPATH_SEARCH_PATHS = (
					"$(inherited)",
					"@executable_path/../Frameworks",
				);
				MACOSX_DEPLOYMENT_TARGET = 15.0;
				PRODUCT_BUNDLE_IDENTIFIER = ing.teil.client;
				PRODUCT_NAME = "teil.ing-client";
				SDKROOT = macosx;
				SWIFT_STRICT_CONCURRENCY = complete;
				SWIFT_VERSION = 6.0;
			};
			name = Release;
		};
		037376E5DC5C5C9B97300055 /* Release */ = {
			isa = XCBuildConfiguration;
			buildSettings = {
				BUNDLE_LOADER = "$(TEST_HOST)";
				COMBINE_HIDPI_IMAGES = YES;
				GENERATE_INFOPLIST_FILE = YES;
				LD_RUNPATH_SEARCH_PATHS = (
					"$(inherited)",
					"@executable_path/../Frameworks",
					"@loader_path/../Frameworks",
				);
				MACOSX_DEPLOYMENT_TARGET = 15.0;
				PRODUCT_BUNDLE_IDENTIFIER = ing.teil.clientTests;
				SDKROOT = macosx;
				SWIFT_STRICT_CONCURRENCY = complete;
				SWIFT_VERSION = 6.0;
				TEST_HOST = "$(BUILT_PRODUCTS_DIR)/teil.ing-client.app/Contents/MacOS/teil.ing-client";
			};
			name = Release;
		};
		3F652BFEFB22A3A485D35A05 /* Debug */ = {
			isa = XCBuildConfiguration;
			buildSettings = {
				ASSETCATALOG_COMPILER_APPICON_NAME = AppIcon;
				CODE_SIGN_ENTITLEMENTS = "teil.ing-client/App/teil_ing_client.entitlements";
				CODE_SIGN_STYLE = Automatic;
				COMBINE_HIDPI_IMAGES = YES;
				DEVELOPMENT_TEAM = 5A7M476YY2;
				ENABLE_APP_SANDBOX = NO;
				ENABLE_HARDENED_RUNTIME = YES;
				INFOPLIST_FILE = "teil.ing-client/Info.plist";
				LD_RUNPATH_SEARCH_PATHS = (
					"$(inherited)",
					"@executable_path/../Frameworks",
				);
				MACOSX_DEPLOYMENT_TARGET = 15.0;
				PRODUCT_BUNDLE_IDENTIFIER = ing.teil.client;
				PRODUCT_NAME = "teil.ing-client";
				SDKROOT = macosx;
				SWIFT_STRICT_CONCURRENCY = complete;
				SWIFT_VERSION = 6.0;
			};
			name = Debug;
		};
		A0E75FB1D4F32C634DA011F2 /* Debug */ = {
			isa = XCBuildConfiguration;
			buildSettings = {
				ALWAYS_SEARCH_USER_PATHS = NO;
				CLANG_ANALYZER_NONNULL = YES;
				CLANG_ANALYZER_NUMBER_OBJECT_CONVERSION = YES_AGGRESSIVE;
				CLANG_CXX_LANGUAGE_STANDARD = "gnu++14";
				CLANG_CXX_LIBRARY = "libc++";
				CLANG_ENABLE_MODULES = YES;
				CLANG_ENABLE_OBJC_ARC = YES;
				CLANG_ENABLE_OBJC_WEAK = YES;
				CLANG_WARN_BLOCK_CAPTURE_AUTORELEASING = YES;
				CLANG_WARN_BOOL_CONVERSION = YES;
				CLANG_WARN_COMMA = YES;
				CLANG_WARN_CONSTANT_CONVERSION = YES;
				CLANG_WARN_DEPRECATED_OBJC_IMPLEMENTATIONS = YES;
				CLANG_WARN_DIRECT_OBJC_ISA_USAGE = YES_ERROR;
				CLANG_WARN_DOCUMENTATION_COMMENTS = YES;
				CLANG_WARN_EMPTY_BODY = YES;
				CLANG_WARN_ENUM_CONVERSION = YES;
				CLANG_WARN_INFINITE_RECURSION = YES;
				CLANG_WARN_INT_CONVERSION = YES;
				CLANG_WARN_NON_LITERAL_NULL_CONVERSION = YES;
				CLANG_WARN_OBJC_IMPLICIT_RETAIN_SELF = YES;
				CLANG_WARN_OBJC_LITERAL_CONVERSION = YES;
				CLANG_WARN_OBJC_ROOT_CLASS = YES_ERROR;
				CLANG_WARN_QUOTED_INCLUDE_IN_FRAMEWORK_HEADER = YES;
				CLANG_WARN_RANGE_LOOP_ANALYSIS = YES;
				CLANG_WARN_STRICT_PROTOTYPES = YES;
				CLANG_WARN_SUSPICIOUS_MOVE = YES;
				CLANG_WARN_UNGUARDED_AVAILABILITY = YES_AGGRESSIVE;
				CLANG_WARN_UNREACHABLE_CODE = YES;
				CLANG_WARN__DUPLICATE_METHOD_MATCH = YES;
				CODE_SIGN_STYLE = Automatic;
				COPY_PHASE_STRIP = NO;
				CURRENT_PROJECT_VERSION = 15;
				DEBUG_INFORMATION_FORMAT = dwarf;
				DEVELOPMENT_TEAM = 5A7M476YY2;
				ENABLE_HARDENED_RUNTIME = YES;
				ENABLE_STRICT_OBJC_MSGSEND = YES;
				ENABLE_TESTABILITY = YES;
				GCC_C_LANGUAGE_STANDARD = gnu11;
				GCC_DYNAMIC_NO_PIC = NO;
				GCC_NO_COMMON_BLOCKS = YES;
				GCC_OPTIMIZATION_LEVEL = 0;
				GCC_PREPROCESSOR_DEFINITIONS = (
					"$(inherited)",
					"DEBUG=1",
				);
				GCC_WARN_64_TO_32_BIT_CONVERSION = YES;
				GCC_WARN_ABOUT_RETURN_TYPE = YES_ERROR;
				GCC_WARN_UNDECLARED_SELECTOR = YES;
				GCC_WARN_UNINITIALIZED_AUTOS = YES_AGGRESSIVE;
				GCC_WARN_UNUSED_FUNCTION = YES;
				GCC_WARN_UNUSED_VARIABLE = YES;
				MACOSX_DEPLOYMENT_TARGET = 15.0;
				MARKETING_VERSION = 1.1.4;
				MTL_ENABLE_DEBUG_INFO = INCLUDE_SOURCE;
				MTL_FAST_MATH = YES;
				ONLY_ACTIVE_ARCH = YES;
				PRODUCT_NAME = "$(TARGET_NAME)";
				SDKROOT = macosx;
				SWIFT_ACTIVE_COMPILATION_CONDITIONS = DEBUG;
				SWIFT_OPTIMIZATION_LEVEL = "-Onone";
				SWIFT_STRICT_CONCURRENCY = complete;
				SWIFT_VERSION = 6.0;
			};
			name = Debug;
		};
		B67EBE818E6BE8E4DC8E5BE3 /* Release */ = {
			isa = XCBuildConfiguration;
			buildSettings = {
				ALWAYS_SEARCH_USER_PATHS = NO;
				CLANG_ANALYZER_NONNULL = YES;
				CLANG_ANALYZER_NUMBER_OBJECT_CONVERSION = YES_AGGRESSIVE;
				CLANG_CXX_LANGUAGE_STANDARD = "gnu++14";
				CLANG_CXX_LIBRARY = "libc++";
				CLANG_ENABLE_MODULES = YES;
				CLANG_ENABLE_OBJC_ARC = YES;
				CLANG_ENABLE_OBJC_WEAK = YES;
				CLANG_WARN_BLOCK_CAPTURE_AUTORELEASING = YES;
				CLANG_WARN_BOOL_CONVERSION = YES;
				CLANG_WARN_COMMA = YES;
				CLANG_WARN_CONSTANT_CONVERSION = YES;
				CLANG_WARN_DEPRECATED_OBJC_IMPLEMENTATIONS = YES;
				CLANG_WARN_DIRECT_OBJC_ISA_USAGE = YES_ERROR;
				CLANG_WARN_DOCUMENTATION_COMMENTS = YES;
				CLANG_WARN_EMPTY_BODY = YES;
				CLANG_WARN_ENUM_CONVERSION = YES;
				CLANG_WARN_INFINITE_RECURSION = YES;
				CLANG_WARN_INT_CONVERSION = YES;
				CLANG_WARN_NON_LITERAL_NULL_CONVERSION = YES;
				CLANG_WARN_OBJC_IMPLICIT_RETAIN_SELF = YES;
				CLANG_WARN_OBJC_LITERAL_CONVERSION = YES;
				CLANG_WARN_OBJC_ROOT_CLASS = YES_ERROR;
				CLANG_WARN_QUOTED_INCLUDE_IN_FRAMEWORK_HEADER = YES;
				CLANG_WARN_RANGE_LOOP_ANALYSIS = YES;
				CLANG_WARN_STRICT_PROTOTYPES = YES;
				CLANG_WARN_SUSPICIOUS_MOVE = YES;
				CLANG_WARN_UNGUARDED_AVAILABILITY = YES_AGGRESSIVE;
				CLANG_WARN_UNREACHABLE_CODE = YES;
				CLANG_WARN__DUPLICATE_METHOD_MATCH = YES;
				CODE_SIGN_STYLE = Automatic;
				COPY_PHASE_STRIP = NO;
				CURRENT_PROJECT_VERSION = 15;
				DEBUG_INFORMATION_FORMAT = "dwarf-with-dsym";
				DEVELOPMENT_TEAM = 5A7M476YY2;
				ENABLE_HARDENED_RUNTIME = YES;
				ENABLE_NS_ASSERTIONS = NO;
				ENABLE_STRICT_OBJC_MSGSEND = YES;
				GCC_C_LANGUAGE_STANDARD = gnu11;
				GCC_NO_COMMON_BLOCKS = YES;
				GCC_WARN_64_TO_32_BIT_CONVERSION = YES;
				GCC_WARN_ABOUT_RETURN_TYPE = YES_ERROR;
				GCC_WARN_UNDECLARED_SELECTOR = YES;
				GCC_WARN_UNINITIALIZED_AUTOS = YES_AGGRESSIVE;
				GCC_WARN_UNUSED_FUNCTION = YES;
				GCC_WARN_UNUSED_VARIABLE = YES;
				MACOSX_DEPLOYMENT_TARGET = 15.0;
				MARKETING_VERSION = 1.1.4;
				MTL_ENABLE_DEBUG_INFO = NO;
				MTL_FAST_MATH = YES;
				PRODUCT_NAME = "$(TARGET_NAME)";
				SDKROOT = macosx;
				SWIFT_COMPILATION_MODE = wholemodule;
				SWIFT_OPTIMIZATION_LEVEL = "-O";
				SWIFT_STRICT_CONCURRENCY = complete;
				SWIFT_VERSION = 6.0;
			};
			name = Release;
		};
		E37E58A501C5E04A08BB25D0 /* Debug */ = {
			isa = XCBuildConfiguration;
			buildSettings = {
				BUNDLE_LOADER = "$(TEST_HOST)";
				COMBINE_HIDPI_IMAGES = YES;
				GENERATE_INFOPLIST_FILE = YES;
				LD_RUNPATH_SEARCH_PATHS = (
					"$(inherited)",
					"@executable_path/../Frameworks",
					"@loader_path/../Frameworks",
				);
				MACOSX_DEPLOYMENT_TARGET = 15.0;
				PRODUCT_BUNDLE_IDENTIFIER = ing.teil.clientTests;
				SDKROOT = macosx;
				SWIFT_STRICT_CONCURRENCY = complete;
				SWIFT_VERSION = 6.0;
				TEST_HOST = "$(BUILT_PRODUCTS_DIR)/teil.ing-client.app/Contents/MacOS/teil.ing-client";
			};
			name = Debug;
		};
/* End XCBuildConfiguration section */

/* Begin XCConfigurationList section */
		41C42277DC91FF2441730E21 /* Build configuration list for PBXNativeTarget "teil.ing-clientTests" */ = {
			isa = XCConfigurationList;
			buildConfigurations = (
				E37E58A501C5E04A08BB25D0 /* Debug */,
				037376E5DC5C5C9B97300055 /* Release */,
			);
			defaultConfigurationIsVisible = 0;
			defaultConfigurationName = Debug;
		};
		995F24D395DBAA8D6F1FF061 /* Build configuration list for PBXNativeTarget "teil.ing-client" */ = {
			isa = XCConfigurationList;
			buildConfigurations = (
				3F652BFEFB22A3A485D35A05 /* Debug */,
				01535F320629FDC9333EB685 /* Release */,
			);
			defaultConfigurationIsVisible = 0;
			defaultConfigurationName = Debug;
		};
		BFF7345980E484856CCAEA4C /* Build configuration list for PBXProject "teil.ing-client" */ = {
			isa = XCConfigurationList;
			buildConfigurations = (
				A0E75FB1D4F32C634DA011F2 /* Debug */,
				B67EBE818E6BE8E4DC8E5BE3 /* Release */,
			);
			defaultConfigurationIsVisible = 0;
			defaultConfigurationName = Debug;
		};
/* End XCConfigurationList section */

/* Begin XCRemoteSwiftPackageReference section */
		26CD9EDAA21FBE1CCAD3C774 /* XCRemoteSwiftPackageReference "KeyboardShortcuts" */ = {
			isa = XCRemoteSwiftPackageReference;
			repositoryURL = "https://github.com/sindresorhus/KeyboardShortcuts";
			requirement = {
				kind = upToNextMajorVersion;
				minimumVersion = 2.4.0;
			};
		};
/* End XCRemoteSwiftPackageReference section */

/* Begin XCSwiftPackageProductDependency section */
		BE20488E9D885F9E6A993924 /* KeyboardShortcuts */ = {
			isa = XCSwiftPackageProductDependency;
			package = 26CD9EDAA21FBE1CCAD3C774 /* XCRemoteSwiftPackageReference "KeyboardShortcuts" */;
			productName = KeyboardShortcuts;
		};
/* End XCSwiftPackageProductDependency section */
	};
	rootObject = 7CBE121952EA345BCE749AFC /* Project object */;
}
